// !$*UTF8*$!
{
	archiveVersion = 1;
	classes = {
	};
	objectVersion = 50;
	objects = {

/* Begin PBXBuildFile section */
		4FB79E15222AFC9500AF323F /* AppDelegate.swift in Sources */ = {isa = PBXBuildFile; fileRef = 4FB79E14222AFC9500AF323F /* AppDelegate.swift */; };
		4FB79E17222AFC9500AF323F /* ViewController.swift in Sources */ = {isa = PBXBuildFile; fileRef = 4FB79E16222AFC9500AF323F /* ViewController.swift */; };
		4FB79E1A222AFC9600AF323F /* Main.storyboard in Resources */ = {isa = PBXBuildFile; fileRef = 4FB79E18222AFC9600AF323F /* Main.storyboard */; };
		4FB79E1C222AFCA300AF323F /* Assets.xcassets in Resources */ = {isa = PBXBuildFile; fileRef = 4FB79E1B222AFCA300AF323F /* Assets.xcassets */; };
		4FB79E1F222AFCA300AF323F /* LaunchScreen.storyboard in Resources */ = {isa = PBXBuildFile; fileRef = 4FB79E1D222AFCA300AF323F /* LaunchScreen.storyboard */; };
		4FB79E27222CC24B00AF323F /* Question.swift in Sources */ = {isa = PBXBuildFile; fileRef = 4FB79E26222CC24B00AF323F /* Question.swift */; };
		4FC473D8222F5CB300AD6C3D /* ResultsViewController.swift in Sources */ = {isa = PBXBuildFile; fileRef = 4FC473D7222F5CB300AD6C3D /* ResultsViewController.swift */; };
		4FC473DA222F697A00AD6C3D /* IntroductionViewController.swift in Sources */ = {isa = PBXBuildFile; fileRef = 4FC473D9222F697A00AD6C3D /* IntroductionViewController.swift */; };
/* End PBXBuildFile section */

/* Begin PBXFileReference section */
		4FB79E11222AFC9500AF323F /* Personality Quiz.app */ = {isa = PBXFileReference; explicitFileType = wrapper.application; includeInIndex = 0; path = "Personality Quiz.app"; sourceTree = BUILT_PRODUCTS_DIR; };
		4FB79E14222AFC9500AF323F /* AppDelegate.swift */ = {isa = PBXFileReference; lastKnownFileType = sourcecode.swift; path = AppDelegate.swift; sourceTree = "<group>"; };
		4FB79E16222AFC9500AF323F /* ViewController.swift */ = {isa = PBXFileReference; lastKnownFileType = sourcecode.swift; path = ViewController.swift; sourceTree = "<group>"; };
		4FB79E19222AFC9600AF323F /* Base */ = {isa = PBXFileReference; lastKnownFileType = file.storyboard; name = Base; path = Base.lproj/Main.storyboard; sourceTree = "<group>"; };
		4FB79E1B222AFCA300AF323F /* Assets.xcassets */ = {isa = PBXFileReference; lastKnownFileType = folder.assetcatalog; path = Assets.xcassets; sourceTree = "<group>"; };
		4FB79E1E222AFCA300AF323F /* Base */ = {isa = PBXFileReference; lastKnownFileType = file.storyboard; name = Base; path = Base.lproj/LaunchScreen.storyboard; sourceTree = "<group>"; };
		4FB79E20222AFCA300AF323F /* Info.plist */ = {isa = PBXFileReference; lastKnownFileType = text.plist.xml; path = Info.plist; sourceTree = "<group>"; };
		4FB79E26222CC24B00AF323F /* Question.swift */ = {isa = PBXFileReference; lastKnownFileType = sourcecode.swift; path = Question.swift; sourceTree = "<group>"; };
		4FC473D7222F5CB300AD6C3D /* ResultsViewController.swift */ = {isa = PBXFileReference; lastKnownFileType = sourcecode.swift; path = ResultsViewController.swift; sourceTree = "<group>"; };
		4FC473D9222F697A00AD6C3D /* IntroductionViewController.swift */ = {isa = PBXFileReference; lastKnownFileType = sourcecode.swift; path = IntroductionViewController.swift; sourceTree = "<group>"; };
/* End PBXFileReference section */

/* Begin PBXFrameworksBuildPhase section */
		4FB79E0E222AFC9500AF323F /* Frameworks */ = {
			isa = PBXFrameworksBuildPhase;
			buildActionMask = 2147483647;
			files = (
			);
			runOnlyForDeploymentPostprocessing = 0;
		};
/* End PBXFrameworksBuildPhase section */

/* Begin PBXGroup section */
		4FB79E08222AFC9500AF323F = {
			isa = PBXGroup;
			children = (
				4FB79E13222AFC9500AF323F /* Personality Quiz */,
				4FB79E12222AFC9500AF323F /* Products */,
			);
			sourceTree = "<group>";
		};
		4FB79E12222AFC9500AF323F /* Products */ = {
			isa = PBXGroup;
			children = (
				4FB79E11222AFC9500AF323F /* Personality Quiz.app */,
			);
			name = Products;
			sourceTree = "<group>";
		};
		4FB79E13222AFC9500AF323F /* Personality Quiz */ = {
			isa = PBXGroup;
			children = (
				4FB79E14222AFC9500AF323F /* AppDelegate.swift */,
				4FB79E16222AFC9500AF323F /* ViewController.swift */,
				4FC473D9222F697A00AD6C3D /* IntroductionViewController.swift */,
				4FB79E26222CC24B00AF323F /* Question.swift */,
				4FC473D7222F5CB300AD6C3D /* ResultsViewController.swift */,
				4FB79E18222AFC9600AF323F /* Main.storyboard */,
				4FB79E1B222AFCA300AF323F /* Assets.xcassets */,
				4FB79E1D222AFCA300AF323F /* LaunchScreen.storyboard */,
				4FB79E20222AFCA300AF323F /* Info.plist */,
			);
			path = "Personality Quiz";
			sourceTree = "<group>";
		};
/* End PBXGroup section */

/* Begin PBXNativeTarget section */
		4FB79E10222AFC9500AF323F /* Personality Quiz */ = {
			isa = PBXNativeTarget;
			buildConfigurationList = 4FB79E23222AFCA300AF323F /* Build configuration list for PBXNativeTarget "Personality Quiz" */;
			buildPhases = (
				4FB79E0D222AFC9500AF323F /* Sources */,
				4FB79E0E222AFC9500AF323F /* Frameworks */,
				4FB79E0F222AFC9500AF323F /* Resources */,
			);
			buildRules = (
			);
			dependencies = (
			);
			name = "Personality Quiz";
			productName = "Personality Quiz";
			productReference = 4FB79E11222AFC9500AF323F /* Personality Quiz.app */;
			productType = "com.apple.product-type.application";
		};
/* End PBXNativeTarget section */

/* Begin PBXProject section */
		4FB79E09222AFC9500AF323F /* Project object */ = {
			isa = PBXProject;
			attributes = {
				LastSwiftUpdateCheck = 1010;
				LastUpgradeCheck = 1010;
				ORGANIZATIONNAME = "Alona Trekhlib";
				TargetAttributes = {
					4FB79E10222AFC9500AF323F = {
						CreatedOnToolsVersion = 10.1;
					};
				};
			};
			buildConfigurationList = 4FB79E0C222AFC9500AF323F /* Build configuration list for PBXProject "Personality Quiz" */;
			compatibilityVersion = "Xcode 9.3";
			developmentRegion = en;
			hasScannedForEncodings = 0;
			knownRegions = (
				en,
				Base,
			);
			mainGroup = 4FB79E08222AFC9500AF323F;
			productRefGroup = 4FB79E12222AFC9500AF323F /* Products */;
			projectDirPath = "";
			projectRoot = "";
			targets = (
				4FB79E10222AFC9500AF323F /* Personality Quiz */,
			);
		};
/* End PBXProject section */

/* Begin PBXResourcesBuildPhase section */
		4FB79E0F222AFC9500AF323F /* Resources */ = {
			isa = PBXResourcesBuildPhase;
			buildActionMask = 2147483647;
			files = (
				4FB79E1F222AFCA300AF323F /* LaunchScreen.storyboard in Resources */,
				4FB79E1C222AFCA300AF323F /* Assets.xcassets in Resources */,
				4FB79E1A222AFC9600AF323F /* Main.storyboard in Resources */,
			);
			runOnlyForDeploymentPostprocessing = 0;
		};
/* End PBXResourcesBuildPhase section */

/* Begin PBXSourcesBuildPhase section */
		4FB79E0D222AFC9500AF323F /* Sources */ = {
			isa = PBXSourcesBuildPhase;
			buildActionMask = 2147483647;
			files = (
				4FB79E27222CC24B00AF323F /* Question.swift in Sources */,
				4FB79E17222AFC9500AF323F /* ViewController.swift in Sources */,
				4FC473D8222F5CB300AD6C3D /* ResultsViewController.swift in Sources */,
				4FC473DA222F697A00AD6C3D /* IntroductionViewController.swift in Sources */,
				4FB79E15222AFC9500AF323F /* AppDelegate.swift in Sources */,
			);
			runOnlyForDeploymentPostprocessing = 0;
		};
/* End PBXSourcesBuildPhase section */

/* Begin PBXVariantGroup section */
		4FB79E18222AFC9600AF323F /* Main.storyboard */ = {
			isa = PBXVariantGroup;
			children = (
				4FB79E19222AFC9600AF323F /* Base */,
			);
			name = Main.storyboard;
			sourceTree = "<group>";
		};
		4FB79E1D222AFCA300AF323F /* LaunchScreen.storyboard */ = {
			isa = PBXVariantGroup;
			children = (
				4FB79E1E222AFCA300AF323F /* Base */,
			);
			name = LaunchScreen.storyboard;
			sourceTree = "<group>";
		};
/* End PBXVariantGroup section */

/* Begin XCBuildConfiguration section */
		4FB79E21222AFCA300AF323F /* Debug */ = {
			isa = XCBuildConfiguration;
			buildSettings = {
				ALWAYS_SEARCH_USER_PATHS = NO;
				CLANG_ANALYZER_NONNULL = YES;
				CLANG_ANALYZER_NUMBER_OBJECT_CONVERSION = YES_AGGRESSIVE;
				CLANG_CXX_LANGUAGE_STANDARD = "gnu++14";
				CLANG_CXX_LIBRARY = "libc++";
				CLANG_ENABLE_MODULES = YES;
				CLANG_ENABLE_OBJC_ARC = YES;
				CLANG_ENABLE_OBJC_WEAK = YES;
				CLANG_WARN_BLOCK_CAPTURE_AUTORELEASING = YES;
				CLANG_WARN_BOOL_CONVERSION = YES;
				CLANG_WARN_COMMA = YES;
				CLANG_WARN_CONSTANT_CONVERSION = YES;
				CLANG_WARN_DEPRECATED_OBJC_IMPLEMENTATIONS = YES;
				CLANG_WARN_DIRECT_OBJC_ISA_USAGE = YES_ERROR;
				CLANG_WARN_DOCUMENTATION_COMMENTS = YES;
				CLANG_WARN_EMPTY_BODY = YES;
				CLANG_WARN_ENUM_CONVERSION = YES;
				CLANG_WARN_INFINITE_RECURSION = YES;
				CLANG_WARN_INT_CONVERSION = YES;
				CLANG_WARN_NON_LITERAL_NULL_CONVERSION = YES;
				CLANG_WARN_OBJC_IMPLICIT_RETAIN_SELF = YES;
				CLANG_WARN_OBJC_LITERAL_CONVERSION = YES;
				CLANG_WARN_OBJC_ROOT_CLASS = YES_ERROR;
				CLANG_WARN_RANGE_LOOP_ANALYSIS = YES;
				CLANG_WARN_STRICT_PROTOTYPES = YES;
				CLANG_WARN_SUSPICIOUS_MOVE = YES;
				CLANG_WARN_UNGUARDED_AVAILABILITY = YES_AGGRESSIVE;
				CLANG_WARN_UNREACHABLE_CODE = YES;
				CLANG_WARN__DUPLICATE_METHOD_MATCH = YES;
				CODE_SIGN_IDENTITY = "iPhone Developer";
				COPY_PHASE_STRIP = NO;
				DEBUG_INFORMATION_FORMAT = dwarf;
				ENABLE_STRICT_OBJC_MSGSEND = YES;
				ENABLE_TESTABILITY = YES;
				GCC_C_LANGUAGE_STANDARD = gnu11;
				GCC_DYNAMIC_NO_PIC = NO;
				GCC_NO_COMMON_BLOCKS = YES;
				GCC_OPTIMIZATION_LEVEL = 0;
				GCC_PREPROCESSOR_DEFINITIONS = (
					"DEBUG=1",
					"$(inherited)",
				);
				GCC_WARN_64_TO_32_BIT_CONVERSION = YES;
				GCC_WARN_ABOUT_RETURN_TYPE = YES_ERROR;
				GCC_WARN_UNDECLARED_SELECTOR = YES;
				GCC_WARN_UNINITIALIZED_AUTOS = YES_AGGRESSIVE;
				GCC_WARN_UNUSED_FUNCTION = YES;
				GCC_WARN_UNUSED_VARIABLE = YES;
				IPHONEOS_DEPLOYMENT_TARGET = 12.1;
				MTL_ENABLE_DEBUG_INFO = INCLUDE_SOURCE;
				MTL_FAST_MATH = YES;
				ONLY_ACTIVE_ARCH = YES;
				SDKROOT = iphoneos;
				SWIFT_ACTIVE_COMPILATION_CONDITIONS = DEBUG;
				SWIFT_OPTIMIZATION_LEVEL = "-Onone";
			};
			name = Debug;
		};
		4FB79E22222AFCA300AF323F /* Release */ = {
			isa = XCBuildConfiguration;
			buildSettings = {
				ALWAYS_SEARCH_USER_PATHS = NO;
				CLANG_ANALYZER_NONNULL = YES;
				CLANG_ANALYZER_NUMBER_OBJECT_CONVERSION = YES_AGGRESSIVE;
				CLANG_CXX_LANGUAGE_STANDARD = "gnu++14";
				CLANG_CXX_LIBRARY = "libc++";
				CLANG_ENABLE_MODULES = YES;
				CLANG_ENABLE_OBJC_ARC = YES;
				CLANG_ENABLE_OBJC_WEAK = YES;
				CLANG_WARN_BLOCK_CAPTURE_AUTORELEASING = YES;
				CLANG_WARN_BOOL_CONVERSION = YES;
				CLANG_WARN_COMMA = YES;
				CLANG_WARN_CONSTANT_CONVERSION = YES;
				CLANG_WARN_DEPRECATED_OBJC_IMPLEMENTATIONS = YES;
				CLANG_WARN_DIRECT_OBJC_ISA_USAGE = YES_ERROR;
				CLANG_WARN_DOCUMENTATION_COMMENTS = YES;
				CLANG_WARN_EMPTY_BODY = YES;
				CLANG_WARN_ENUM_CONVERSION = YES;
				CLANG_WARN_INFINITE_RECURSION = YES;
				CLANG_WARN_INT_CONVERSION = YES;
				CLANG_WARN_NON_LITERAL_NULL_CONVERSION = YES;
				CLANG_WARN_OBJC_IMPLICIT_RETAIN_SELF = YES;
				CLANG_WARN_OBJC_LITERAL_CONVERSION = YES;
				CLANG_WARN_OBJC_ROOT_CLASS = YES_ERROR;
				CLANG_WARN_RANGE_LOOP_ANALYSIS = YES;
				CLANG_WARN_STRICT_PROTOTYPES = YES;
				CLANG_WARN_SUSPICIOUS_MOVE = YES;
				CLANG_WARN_UNGUARDED_AVAILABILITY = YES_AGGRESSIVE;
				CLANG_WARN_UNREACHABLE_CODE = YES;
				CLANG_WARN__DUPLICATE_METHOD_MATCH = YES;
				CODE_SIGN_IDENTITY = "iPhone Developer";
				COPY_PHASE_STRIP = NO;
				DEBUG_INFORMATION_FORMAT = "dwarf-with-dsym";
				ENABLE_NS_ASSERTIONS = NO;
				ENABLE_STRICT_OBJC_MSGSEND = YES;
				GCC_C_LANGUAGE_STANDARD = gnu11;
				GCC_NO_COMMON_BLOCKS = YES;
				GCC_WARN_64_TO_32_BIT_CONVERSION = YES;
				GCC_WARN_ABOUT_RETURN_TYPE = YES_ERROR;
				GCC_WARN_UNDECLARED_SELECTOR = YES;
				GCC_WARN_UNINITIALIZED_AUTOS = YES_AGGRESSIVE;
				GCC_WARN_UNUSED_FUNCTION = YES;
				GCC_WARN_UNUSED_VARIABLE = YES;
				IPHONEOS_DEPLOYMENT_TARGET = 12.1;
				MTL_ENABLE_DEBUG_INFO = NO;
				MTL_FAST_MATH = YES;
				SDKROOT = iphoneos;
				SWIFT_COMPILATION_MODE = wholemodule;
				SWIFT_OPTIMIZATION_LEVEL = "-O";
				VALIDATE_PRODUCT = YES;
			};
			name = Release;
		};
		4FB79E24222AFCA300AF323F /* Debug */ = {
			isa = XCBuildConfiguration;
			buildSettings = {
				ASSETCATALOG_COMPILER_APPICON_NAME = AppIcon;
				CODE_SIGN_STYLE = Automatic;
				DEVELOPMENT_TEAM = 4J38S4HFS7;
				INFOPLIST_FILE = "Personality Quiz/Info.plist";
				LD_RUNPATH_SEARCH_PATHS = (
					"$(inherited)",
					"@executable_path/Frameworks",
				);
				PRODUCT_BUNDLE_IDENTIFIER = "com.alona.Personality-Quiz";
				PRODUCT_NAME = "$(TARGET_NAME)";
				SWIFT_VERSION = 4.2;
				TARGETED_DEVICE_FAMILY = "1,2";
			};
			name = Debug;
		};
		4FB79E25222AFCA300AF323F /* Release */ = {
			isa = XCBuildConfiguration;
			buildSettings = {
				ASSETCATALOG_COMPILER_APPICON_NAME = AppIcon;
				CODE_SIGN_STYLE = Automatic;
				DEVELOPMENT_TEAM = 4J38S4HFS7;
				INFOPLIST_FILE = "Personality Quiz/Info.plist";
				LD_RUNPATH_SEARCH_PATHS = (
					"$(inherited)",
					"@executable_path/Frameworks",
				);
				PRODUCT_BUNDLE_IDENTIFIER = "com.alona.Personality-Quiz";
				PRODUCT_NAME = "$(TARGET_NAME)";
				SWIFT_VERSION = 4.2;
				TARGETED_DEVICE_FAMILY = "1,2";
			};
			name = Release;
		};
/* End XCBuildConfiguration section */

/* Begin XCConfigurationList section */
		4FB79E0C222AFC9500AF323F /* Build configuration list for PBXProject "Personality Quiz" */ = {
			isa = XCConfigurationList;
			buildConfigurations = (
				4FB79E21222AFCA300AF323F /* Debug */,
				4FB79E22222AFCA300AF323F /* Release */,
			);
			defaultConfigurationIsVisible = 0;
			defaultConfigurationName = Release;
		};
		4FB79E23222AFCA300AF323F /* Build configuration list for PBXNativeTarget "Personality Quiz" */ = {
			isa = XCConfigurationList;
			buildConfigurations = (
				4FB79E24222AFCA300AF323F /* Debug */,
				4FB79E25222AFCA300AF323F /* Release */,
			);
			defaultConfigurationIsVisible = 0;
			defaultConfigurationName = Release;
		};
/* End XCConfigurationList section */
	};
	rootObject = 4FB79E09222AFC9500AF323F /* Project object */;
}
